
Microsoft Visual Studio Solution File, Format Version 12.00
# Visual Studio 14
VisualStudioVersion = 14.0.23107.0
MinimumVisualStudioVersion = 10.0.40219.1
Project("{2150E333-8FDC-42A3-9474-1A3956D46DE8}") = "src", "src", "{C144113A-2589-4FCA-A26B-28349AEE5746}"
EndProject
Project("{2150E333-8FDC-42A3-9474-1A3956D46DE8}") = "Solution Items", "Solution Items", "{D4C3DBA3-7DA2-4580-8298-4479C91149CF}"
	ProjectSection(SolutionItems) = preProject
		global.json = global.json
		NuGet.Config = NuGet.Config
	EndProjectSection
EndProject
Project("{8BB2217D-0F2D-49D1-97BC-3654ED321F3B}") = "Test1", "src\Test1\Test1.xproj", "{6B7BD694-1BCC-48BD-BE87-27260836FF50}"
EndProject
Global
	GlobalSection(SolutionConfigurationPlatforms) = preSolution
		Debug|Any CPU = Debug|Any CPU
		Release|Any CPU = Release|Any CPU
	EndGlobalSection
	GlobalSection(ProjectConfigurationPlatforms) = postSolution
		{6B7BD694-1BCC-48BD-BE87-27260836FF50}.Debug|Any CPU.ActiveCfg = Debug|Any CPU
		{6B7BD694-1BCC-48BD-BE87-27260836FF50}.Debug|Any CPU.Build.0 = Debug|Any CPU
		{6B7BD694-1BCC-48BD-BE87-27260836FF50}.Release|Any CPU.ActiveCfg = Release|Any CPU
		{6B7BD694-1BCC-48BD-BE87-27260836FF50}.Release|Any CPU.Build.0 = Release|Any CPU
	EndGlobalSection
	GlobalSection(SolutionProperties) = preSolution
		HideSolutionNode = FALSE
	EndGlobalSection
	GlobalSection(NestedProjects) = preSolution
		{6B7BD694-1BCC-48BD-BE87-27260836FF50} = {C144113A-2589-4FCA-A26B-28349AEE5746}
	EndGlobalSection
EndGlobal
